# THIS IS AN AUTOGENERATED FILE. DO NOT EDIT THIS FILE DIRECTLY.
# yarn lockfile v1


async-limiter@~1.0.0:
  version "1.0.0"
  resolved "https://registry.yarnpkg.com/async-limiter/-/async-limiter-1.0.0.tgz#78faed8c3d074ab81f22b4e985d79e8738f720f8"

ws@^5.2.1:
  version "5.2.1"
  resolved "https://registry.yarnpkg.com/ws/-/ws-5.2.1.tgz#37827a0ba772d072a843c3615b0ad38bcdb354eb"
  dependencies:
    async-limiter "~1.0.0"
